// !$*UTF8*$!
{
	archiveVersion = 1;
	classes = {
	};
	objectVersion = 46;
	objects = {

/* Begin PBXBuildFile section */
		03175DE817DEB2A5005D3C62 /* BEPMainViewController.m in Sources */ = {isa = PBXBuildFile; fileRef = 03175DE717DEB2A5005D3C62 /* BEPMainViewController.m */; };
		03175DED17DEB606005D3C62 /* BEPDynamicTypeViewController.m in Sources */ = {isa = PBXBuildFile; fileRef = 03175DEC17DEB606005D3C62 /* BEPDynamicTypeViewController.m */; };
		03362E0317E14D3E003829C9 /* BEPMapViewController.m in Sources */ = {isa = PBXBuildFile; fileRef = 03362E0117E14D3E003829C9 /* BEPMapViewController.m */; };
		03362E0417E14D3E003829C9 /* BEPMapViewController.xib in Resources */ = {isa = PBXBuildFile; fileRef = 03362E0217E14D3E003829C9 /* BEPMapViewController.xib */; };
		03362E0817E1520C003829C9 /* MapKit.framework in Frameworks */ = {isa = PBXBuildFile; fileRef = 03362E0717E1520C003829C9 /* MapKit.framework */; };
		0394ADA717DFFE5200769A12 /* BEPCaptureVideoViewController.m in Sources */ = {isa = PBXBuildFile; fileRef = 0394ADA517DFFE5200769A12 /* BEPCaptureVideoViewController.m */; };
		0394ADA817DFFE5200769A12 /* BEPCaptureVideoViewController.xib in Resources */ = {isa = PBXBuildFile; fileRef = 0394ADA617DFFE5200769A12 /* BEPCaptureVideoViewController.xib */; };
		3C3EA83617D3C76F000122BD /* UIKit.framework in Frameworks */ = {isa = PBXBuildFile; fileRef = 3C3EA83517D3C76F000122BD /* UIKit.framework */; };
		3C3EA83817D3C76F000122BD /* Foundation.framework in Frameworks */ = {isa = PBXBuildFile; fileRef = 3C3EA83717D3C76F000122BD /* Foundation.framework */; };
		3C3EA83A17D3C76F000122BD /* CoreGraphics.framework in Frameworks */ = {isa = PBXBuildFile; fileRef = 3C3EA83917D3C76F000122BD /* CoreGraphics.framework */; };
		3C3EA84017D3C76F000122BD /* InfoPlist.strings in Resources */ = {isa = PBXBuildFile; fileRef = 3C3EA83E17D3C76F000122BD /* InfoPlist.strings */; };
		3C3EA84217D3C76F000122BD /* main.m in Sources */ = {isa = PBXBuildFile; fileRef = 3C3EA84117D3C76F000122BD /* main.m */; };
		3C3EA84617D3C76F000122BD /* BEPAppDelegate.m in Sources */ = {isa = PBXBuildFile; fileRef = 3C3EA84517D3C76F000122BD /* BEPAppDelegate.m */; };
		3C3EA84817D3C76F000122BD /* Default.png in Resources */ = {isa = PBXBuildFile; fileRef = 3C3EA84717D3C76F000122BD /* Default.png */; };
		3C3EA84A17D3C76F000122BD /* Default@2x.png in Resources */ = {isa = PBXBuildFile; fileRef = 3C3EA84917D3C76F000122BD /* Default@2x.png */; };
		3C3EA84C17D3C76F000122BD /* Default-568h@2x.png in Resources */ = {isa = PBXBuildFile; fileRef = 3C3EA84B17D3C76F000122BD /* Default-568h@2x.png */; };
		3C3EA85417D3C76F000122BD /* SenTestingKit.framework in Frameworks */ = {isa = PBXBuildFile; fileRef = 3C3EA85317D3C76F000122BD /* SenTestingKit.framework */; };
		3C3EA85517D3C76F000122BD /* UIKit.framework in Frameworks */ = {isa = PBXBuildFile; fileRef = 3C3EA83517D3C76F000122BD /* UIKit.framework */; };
		3C3EA85617D3C76F000122BD /* Foundation.framework in Frameworks */ = {isa = PBXBuildFile; fileRef = 3C3EA83717D3C76F000122BD /* Foundation.framework */; };
		3C3EA85E17D3C76F000122BD /* InfoPlist.strings in Resources */ = {isa = PBXBuildFile; fileRef = 3C3EA85C17D3C76F000122BD /* InfoPlist.strings */; };
		3C3EA86117D3C76F000122BD /* BepBopTests.m in Sources */ = {isa = PBXBuildFile; fileRef = 3C3EA86017D3C76F000122BD /* BepBopTests.m */; };
		3C3EA86B17D3C81F000122BD /* libBepBopLibrary.a in Frameworks */ = {isa = PBXBuildFile; fileRef = 3C3EA86A17D3C81F000122BD /* libBepBopLibrary.a */; };
		3C3EA87A17D3D032000122BD /* BepBopLibrary.xcodeproj in Resources */ = {isa = PBXBuildFile; fileRef = 3C3EA87917D3D032000122BD /* BepBopLibrary.xcodeproj */; };
		3C9DF0B517E0149C002F5FB9 /* BEPLookAndFeelViewController.m in Sources */ = {isa = PBXBuildFile; fileRef = 3C9DF0B417E0149C002F5FB9 /* BEPLookAndFeelViewController.m */; };
		3CD0FD1417E00C67007CA40E /* BEPThemedViewController.m in Sources */ = {isa = PBXBuildFile; fileRef = 3CD0FD1317E00C67007CA40E /* BEPThemedViewController.m */; };
		3CD0FD1717E00CF4007CA40E /* BEPNavigationController.m in Sources */ = {isa = PBXBuildFile; fileRef = 3CD0FD1617E00CF4007CA40E /* BEPNavigationController.m */; };
		8727AA3A17E0B96200B728C8 /* BEPMultipeerConnectivityViewController.m in Sources */ = {isa = PBXBuildFile; fileRef = 8727AA3917E0B96200B728C8 /* BEPMultipeerConnectivityViewController.m */; };
		8727AA3E17E0BAC600B728C8 /* BEPMultipeerConnectivityViewController.xib in Resources */ = {isa = PBXBuildFile; fileRef = 8727AA3D17E0BAC600B728C8 /* BEPMultipeerConnectivityViewController.xib */; };
		8727AA4017E0BB1D00B728C8 /* MultipeerConnectivity.framework in Frameworks */ = {isa = PBXBuildFile; fileRef = 8727AA3F17E0BB1D00B728C8 /* MultipeerConnectivity.framework */; };
		8727AA5517E0D9A500B728C8 /* BEPSimpleImageViewController.m in Sources */ = {isa = PBXBuildFile; fileRef = 8727AA5317E0D9A500B728C8 /* BEPSimpleImageViewController.m */; };
		8727AA5617E0D9A500B728C8 /* BEPSimpleImageViewController.xib in Resources */ = {isa = PBXBuildFile; fileRef = 8727AA5417E0D9A500B728C8 /* BEPSimpleImageViewController.xib */; };
/* End PBXBuildFile section */

/* Begin PBXContainerItemProxy section */
		3C3EA85717D3C76F000122BD /* PBXContainerItemProxy */ = {
			isa = PBXContainerItemProxy;
			containerPortal = 3C3EA82A17D3C76F000122BD /* Project object */;
			proxyType = 1;
			remoteGlobalIDString = 3C3EA83117D3C76F000122BD;
			remoteInfo = BepBop;
		};
		3CBCDCE017D3D23A000FC414 /* PBXContainerItemProxy */ = {
			isa = PBXContainerItemProxy;
			containerPortal = 3C3EA87917D3D032000122BD /* BepBopLibrary.xcodeproj */;
			proxyType = 2;
			remoteGlobalIDString = 3C3EA7FE17D3C752000122BD;
			remoteInfo = BepBopLibrary;
		};
		3CBCDCE217D3D23A000FC414 /* PBXContainerItemProxy */ = {
			isa = PBXContainerItemProxy;
			containerPortal = 3C3EA87917D3D032000122BD /* BepBopLibrary.xcodeproj */;
			proxyType = 2;
			remoteGlobalIDString = 3C3EA80F17D3C752000122BD;
			remoteInfo = BepBopLibraryTests;
		};
/* End PBXContainerItemProxy section */

/* Begin PBXFileReference section */
		03175DE617DEB2A5005D3C62 /* BEPMainViewController.h */ = {isa = PBXFileReference; fileEncoding = 4; lastKnownFileType = sourcecode.c.h; path = BEPMainViewController.h; sourceTree = "<group>"; };
		03175DE717DEB2A5005D3C62 /* BEPMainViewController.m */ = {isa = PBXFileReference; fileEncoding = 4; lastKnownFileType = sourcecode.c.objc; path = BEPMainViewController.m; sourceTree = "<group>"; };
		03175DEB17DEB606005D3C62 /* BEPDynamicTypeViewController.h */ = {isa = PBXFileReference; fileEncoding = 4; lastKnownFileType = sourcecode.c.h; path = BEPDynamicTypeViewController.h; sourceTree = "<group>"; };
		03175DEC17DEB606005D3C62 /* BEPDynamicTypeViewController.m */ = {isa = PBXFileReference; fileEncoding = 4; lastKnownFileType = sourcecode.c.objc; path = BEPDynamicTypeViewController.m; sourceTree = "<group>"; };
		03362E0017E14D3E003829C9 /* BEPMapViewController.h */ = {isa = PBXFileReference; fileEncoding = 4; lastKnownFileType = sourcecode.c.h; path = BEPMapViewController.h; sourceTree = "<group>"; };
		03362E0117E14D3E003829C9 /* BEPMapViewController.m */ = {isa = PBXFileReference; fileEncoding = 4; lastKnownFileType = sourcecode.c.objc; path = BEPMapViewController.m; sourceTree = "<group>"; };
		03362E0217E14D3E003829C9 /* BEPMapViewController.xib */ = {isa = PBXFileReference; fileEncoding = 4; lastKnownFileType = file.xib; path = BEPMapViewController.xib; sourceTree = "<group>"; };
		03362E0717E1520C003829C9 /* MapKit.framework */ = {isa = PBXFileReference; lastKnownFileType = wrapper.framework; name = MapKit.framework; path = System/Library/Frameworks/MapKit.framework; sourceTree = SDKROOT; };
		0394ADA417DFFE5200769A12 /* BEPCaptureVideoViewController.h */ = {isa = PBXFileReference; fileEncoding = 4; lastKnownFileType = sourcecode.c.h; path = BEPCaptureVideoViewController.h; sourceTree = "<group>"; };
		0394ADA517DFFE5200769A12 /* BEPCaptureVideoViewController.m */ = {isa = PBXFileReference; fileEncoding = 4; lastKnownFileType = sourcecode.c.objc; path = BEPCaptureVideoViewController.m; sourceTree = "<group>"; };
		0394ADA617DFFE5200769A12 /* BEPCaptureVideoViewController.xib */ = {isa = PBXFileReference; fileEncoding = 4; lastKnownFileType = file.xib; path = BEPCaptureVideoViewController.xib; sourceTree = "<group>"; };
		3C3EA83217D3C76F000122BD /* BepBop.app */ = {isa = PBXFileReference; explicitFileType = wrapper.application; includeInIndex = 0; path = BepBop.app; sourceTree = BUILT_PRODUCTS_DIR; };
		3C3EA83517D3C76F000122BD /* UIKit.framework */ = {isa = PBXFileReference; lastKnownFileType = wrapper.framework; name = UIKit.framework; path = System/Library/Frameworks/UIKit.framework; sourceTree = SDKROOT; };
		3C3EA83717D3C76F000122BD /* Foundation.framework */ = {isa = PBXFileReference; lastKnownFileType = wrapper.framework; name = Foundation.framework; path = System/Library/Frameworks/Foundation.framework; sourceTree = SDKROOT; };
		3C3EA83917D3C76F000122BD /* CoreGraphics.framework */ = {isa = PBXFileReference; lastKnownFileType = wrapper.framework; name = CoreGraphics.framework; path = System/Library/Frameworks/CoreGraphics.framework; sourceTree = SDKROOT; };
		3C3EA83D17D3C76F000122BD /* BepBop-Info.plist */ = {isa = PBXFileReference; lastKnownFileType = text.plist.xml; path = "BepBop-Info.plist"; sourceTree = "<group>"; };
		3C3EA83F17D3C76F000122BD /* en */ = {isa = PBXFileReference; lastKnownFileType = text.plist.strings; name = en; path = en.lproj/InfoPlist.strings; sourceTree = "<group>"; };
		3C3EA84117D3C76F000122BD /* main.m */ = {isa = PBXFileReference; lastKnownFileType = sourcecode.c.objc; path = main.m; sourceTree = "<group>"; };
		3C3EA84317D3C76F000122BD /* BepBop-Prefix.pch */ = {isa = PBXFileReference; lastKnownFileType = sourcecode.c.h; path = "BepBop-Prefix.pch"; sourceTree = "<group>"; };
		3C3EA84417D3C76F000122BD /* BEPAppDelegate.h */ = {isa = PBXFileReference; lastKnownFileType = sourcecode.c.h; path = BEPAppDelegate.h; sourceTree = "<group>"; };
		3C3EA84517D3C76F000122BD /* BEPAppDelegate.m */ = {isa = PBXFileReference; lastKnownFileType = sourcecode.c.objc; path = BEPAppDelegate.m; sourceTree = "<group>"; };
		3C3EA84717D3C76F000122BD /* Default.png */ = {isa = PBXFileReference; lastKnownFileType = image.png; path = Default.png; sourceTree = "<group>"; };
		3C3EA84917D3C76F000122BD /* Default@2x.png */ = {isa = PBXFileReference; lastKnownFileType = image.png; path = "Default@2x.png"; sourceTree = "<group>"; };
		3C3EA84B17D3C76F000122BD /* Default-568h@2x.png */ = {isa = PBXFileReference; lastKnownFileType = image.png; path = "Default-568h@2x.png"; sourceTree = "<group>"; };
		3C3EA85217D3C76F000122BD /* BepBopTests.octest */ = {isa = PBXFileReference; explicitFileType = wrapper.cfbundle; includeInIndex = 0; path = BepBopTests.octest; sourceTree = BUILT_PRODUCTS_DIR; };
		3C3EA85317D3C76F000122BD /* SenTestingKit.framework */ = {isa = PBXFileReference; lastKnownFileType = wrapper.framework; name = SenTestingKit.framework; path = Library/Frameworks/SenTestingKit.framework; sourceTree = DEVELOPER_DIR; };
		3C3EA85B17D3C76F000122BD /* BepBopTests-Info.plist */ = {isa = PBXFileReference; lastKnownFileType = text.plist.xml; path = "BepBopTests-Info.plist"; sourceTree = "<group>"; };
		3C3EA85D17D3C76F000122BD /* en */ = {isa = PBXFileReference; lastKnownFileType = text.plist.strings; name = en; path = en.lproj/InfoPlist.strings; sourceTree = "<group>"; };
		3C3EA85F17D3C76F000122BD /* BepBopTests.h */ = {isa = PBXFileReference; lastKnownFileType = sourcecode.c.h; path = BepBopTests.h; sourceTree = "<group>"; };
		3C3EA86017D3C76F000122BD /* BepBopTests.m */ = {isa = PBXFileReference; lastKnownFileType = sourcecode.c.objc; path = BepBopTests.m; sourceTree = "<group>"; };
		3C3EA86A17D3C81F000122BD /* libBepBopLibrary.a */ = {isa = PBXFileReference; lastKnownFileType = archive.ar; name = libBepBopLibrary.a; path = "/Volumes/ramdisk/Builds/iOSEdge-cnemuugjxvelkvfjryweafmcrhhe/Build/Products/Debug-iphoneos/libBepBopLibrary.a"; sourceTree = "<absolute>"; };
		3C3EA87917D3D032000122BD /* BepBopLibrary.xcodeproj */ = {isa = PBXFileReference; lastKnownFileType = "wrapper.pb-project"; name = BepBopLibrary.xcodeproj; path = ../BepBopLibrary/BepBopLibrary.xcodeproj; sourceTree = "<group>"; };
		3C9DF0B317E0149C002F5FB9 /* BEPLookAndFeelViewController.h */ = {isa = PBXFileReference; fileEncoding = 4; lastKnownFileType = sourcecode.c.h; path = BEPLookAndFeelViewController.h; sourceTree = "<group>"; };
		3C9DF0B417E0149C002F5FB9 /* BEPLookAndFeelViewController.m */ = {isa = PBXFileReference; fileEncoding = 4; lastKnownFileType = sourcecode.c.objc; path = BEPLookAndFeelViewController.m; sourceTree = "<group>"; };
		3CD0FD1217E00C67007CA40E /* BEPThemedViewController.h */ = {isa = PBXFileReference; fileEncoding = 4; lastKnownFileType = sourcecode.c.h; path = BEPThemedViewController.h; sourceTree = "<group>"; };
		3CD0FD1317E00C67007CA40E /* BEPThemedViewController.m */ = {isa = PBXFileReference; fileEncoding = 4; lastKnownFileType = sourcecode.c.objc; path = BEPThemedViewController.m; sourceTree = "<group>"; };
		3CD0FD1517E00CF4007CA40E /* BEPNavigationController.h */ = {isa = PBXFileReference; fileEncoding = 4; lastKnownFileType = sourcecode.c.h; path = BEPNavigationController.h; sourceTree = "<group>"; };
		3CD0FD1617E00CF4007CA40E /* BEPNavigationController.m */ = {isa = PBXFileReference; fileEncoding = 4; lastKnownFileType = sourcecode.c.objc; path = BEPNavigationController.m; sourceTree = "<group>"; };
		8727AA3817E0B96200B728C8 /* BEPMultipeerConnectivityViewController.h */ = {isa = PBXFileReference; fileEncoding = 4; lastKnownFileType = sourcecode.c.h; path = BEPMultipeerConnectivityViewController.h; sourceTree = "<group>"; };
		8727AA3917E0B96200B728C8 /* BEPMultipeerConnectivityViewController.m */ = {isa = PBXFileReference; fileEncoding = 4; lastKnownFileType = sourcecode.c.objc; path = BEPMultipeerConnectivityViewController.m; sourceTree = "<group>"; };
		8727AA3D17E0BAC600B728C8 /* BEPMultipeerConnectivityViewController.xib */ = {isa = PBXFileReference; fileEncoding = 4; lastKnownFileType = file.xib; path = BEPMultipeerConnectivityViewController.xib; sourceTree = "<group>"; };
		8727AA3F17E0BB1D00B728C8 /* MultipeerConnectivity.framework */ = {isa = PBXFileReference; lastKnownFileType = wrapper.framework; name = MultipeerConnectivity.framework; path = System/Library/Frameworks/MultipeerConnectivity.framework; sourceTree = SDKROOT; };
		8727AA5217E0D9A500B728C8 /* BEPSimpleImageViewController.h */ = {isa = PBXFileReference; fileEncoding = 4; lastKnownFileType = sourcecode.c.h; path = BEPSimpleImageViewController.h; sourceTree = "<group>"; };
		8727AA5317E0D9A500B728C8 /* BEPSimpleImageViewController.m */ = {isa = PBXFileReference; fileEncoding = 4; lastKnownFileType = sourcecode.c.objc; path = BEPSimpleImageViewController.m; sourceTree = "<group>"; };
		8727AA5417E0D9A500B728C8 /* BEPSimpleImageViewController.xib */ = {isa = PBXFileReference; fileEncoding = 4; lastKnownFileType = file.xib; path = BEPSimpleImageViewController.xib; sourceTree = "<group>"; };
/* End PBXFileReference section */

/* Begin PBXFrameworksBuildPhase section */
		3C3EA82F17D3C76F000122BD /* Frameworks */ = {
			isa = PBXFrameworksBuildPhase;
			buildActionMask = 2147483647;
			files = (
				03362E0817E1520C003829C9 /* MapKit.framework in Frameworks */,
				8727AA4017E0BB1D00B728C8 /* MultipeerConnectivity.framework in Frameworks */,
				3C3EA86B17D3C81F000122BD /* libBepBopLibrary.a in Frameworks */,
				3C3EA83617D3C76F000122BD /* UIKit.framework in Frameworks */,
				3C3EA83817D3C76F000122BD /* Foundation.framework in Frameworks */,
				3C3EA83A17D3C76F000122BD /* CoreGraphics.framework in Frameworks */,
			);
			runOnlyForDeploymentPostprocessing = 0;
		};
		3C3EA84E17D3C76F000122BD /* Frameworks */ = {
			isa = PBXFrameworksBuildPhase;
			buildActionMask = 2147483647;
			files = (
				3C3EA85417D3C76F000122BD /* SenTestingKit.framework in Frameworks */,
				3C3EA85517D3C76F000122BD /* UIKit.framework in Frameworks */,
				3C3EA85617D3C76F000122BD /* Foundation.framework in Frameworks */,
			);
			runOnlyForDeploymentPostprocessing = 0;
		};
/* End PBXFrameworksBuildPhase section */

/* Begin PBXGroup section */
		03175DE317DEB275005D3C62 /* View Controllers */ = {
			isa = PBXGroup;
			children = (
				3CD0FD1517E00CF4007CA40E /* BEPNavigationController.h */,
				3CD0FD1617E00CF4007CA40E /* BEPNavigationController.m */,
				3CD0FD1217E00C67007CA40E /* BEPThemedViewController.h */,
				3CD0FD1317E00C67007CA40E /* BEPThemedViewController.m */,
				03175DE917DEB5C7005D3C62 /* Look and Feel */,
				03175DEA17DEB5D2005D3C62 /* Accessibility */,
				0394AD9317DFFCD300769A12 /* main */,
				0394AD9917DFFDAF00769A12 /* Video */,
				0394ADA117DFFDFC00769A12 /* Maps */,
				0394ADA017DFFDF300769A12 /* Multipeer */,
			);
			name = "View Controllers";
			sourceTree = "<group>";
		};
		03175DE917DEB5C7005D3C62 /* Look and Feel */ = {
			isa = PBXGroup;
			children = (
				3C9DF0B317E0149C002F5FB9 /* BEPLookAndFeelViewController.h */,
				3C9DF0B417E0149C002F5FB9 /* BEPLookAndFeelViewController.m */,
			);
			name = "Look and Feel";
			sourceTree = "<group>";
		};
		03175DEA17DEB5D2005D3C62 /* Accessibility */ = {
			isa = PBXGroup;
			children = (
				03175DEB17DEB606005D3C62 /* BEPDynamicTypeViewController.h */,
				03175DEC17DEB606005D3C62 /* BEPDynamicTypeViewController.m */,
			);
			name = Accessibility;
			sourceTree = "<group>";
		};
		0394AD9317DFFCD300769A12 /* main */ = {
			isa = PBXGroup;
			children = (
				03175DE617DEB2A5005D3C62 /* BEPMainViewController.h */,
				03175DE717DEB2A5005D3C62 /* BEPMainViewController.m */,
			);
			name = main;
			sourceTree = "<group>";
		};
		0394AD9917DFFDAF00769A12 /* Video */ = {
			isa = PBXGroup;
			children = (
				0394ADA417DFFE5200769A12 /* BEPCaptureVideoViewController.h */,
				0394ADA517DFFE5200769A12 /* BEPCaptureVideoViewController.m */,
				0394ADA617DFFE5200769A12 /* BEPCaptureVideoViewController.xib */,
			);
			name = Video;
			sourceTree = "<group>";
		};
		0394ADA017DFFDF300769A12 /* Multipeer */ = {
			isa = PBXGroup;
			children = (
				8727AA3817E0B96200B728C8 /* BEPMultipeerConnectivityViewController.h */,
				8727AA3917E0B96200B728C8 /* BEPMultipeerConnectivityViewController.m */,
				8727AA3D17E0BAC600B728C8 /* BEPMultipeerConnectivityViewController.xib */,
				8727AA5217E0D9A500B728C8 /* BEPSimpleImageViewController.h */,
				8727AA5317E0D9A500B728C8 /* BEPSimpleImageViewController.m */,
				8727AA5417E0D9A500B728C8 /* BEPSimpleImageViewController.xib */,
			);
			name = Multipeer;
			sourceTree = "<group>";
		};
		0394ADA117DFFDFC00769A12 /* Maps */ = {
			isa = PBXGroup;
			children = (
				03362E0017E14D3E003829C9 /* BEPMapViewController.h */,
				03362E0117E14D3E003829C9 /* BEPMapViewController.m */,
				03362E0217E14D3E003829C9 /* BEPMapViewController.xib */,
			);
			name = Maps;
			sourceTree = "<group>";
		};
		3C3EA82917D3C76F000122BD = {
			isa = PBXGroup;
			children = (
				3C3EA87917D3D032000122BD /* BepBopLibrary.xcodeproj */,
				3C3EA83B17D3C76F000122BD /* BepBop */,
				3C3EA85917D3C76F000122BD /* BepBopTests */,
				3C3EA83417D3C76F000122BD /* Frameworks */,
				3C3EA83317D3C76F000122BD /* Products */,
			);
			sourceTree = "<group>";
		};
		3C3EA83317D3C76F000122BD /* Products */ = {
			isa = PBXGroup;
			children = (
				3C3EA83217D3C76F000122BD /* BepBop.app */,
				3C3EA85217D3C76F000122BD /* BepBopTests.octest */,
			);
			name = Products;
			sourceTree = "<group>";
		};
		3C3EA83417D3C76F000122BD /* Frameworks */ = {
			isa = PBXGroup;
			children = (
				03362E0717E1520C003829C9 /* MapKit.framework */,
				8727AA3F17E0BB1D00B728C8 /* MultipeerConnectivity.framework */,
				3C3EA86A17D3C81F000122BD /* libBepBopLibrary.a */,
				3C3EA83517D3C76F000122BD /* UIKit.framework */,
				3C3EA83717D3C76F000122BD /* Foundation.framework */,
				3C3EA83917D3C76F000122BD /* CoreGraphics.framework */,
				3C3EA85317D3C76F000122BD /* SenTestingKit.framework */,
			);
			name = Frameworks;
			sourceTree = "<group>";
		};
		3C3EA83B17D3C76F000122BD /* BepBop */ = {
			isa = PBXGroup;
			children = (
				03175DE317DEB275005D3C62 /* View Controllers */,
				3C3EA84417D3C76F000122BD /* BEPAppDelegate.h */,
				3C3EA84517D3C76F000122BD /* BEPAppDelegate.m */,
				3C3EA83C17D3C76F000122BD /* Supporting Files */,
			);
			path = BepBop;
			sourceTree = "<group>";
		};
		3C3EA83C17D3C76F000122BD /* Supporting Files */ = {
			isa = PBXGroup;
			children = (
				3C3EA83D17D3C76F000122BD /* BepBop-Info.plist */,
				3C3EA83E17D3C76F000122BD /* InfoPlist.strings */,
				3C3EA84117D3C76F000122BD /* main.m */,
				3C3EA84317D3C76F000122BD /* BepBop-Prefix.pch */,
				3C3EA84717D3C76F000122BD /* Default.png */,
				3C3EA84917D3C76F000122BD /* Default@2x.png */,
				3C3EA84B17D3C76F000122BD /* Default-568h@2x.png */,
			);
			name = "Supporting Files";
			sourceTree = "<group>";
		};
		3C3EA85917D3C76F000122BD /* BepBopTests */ = {
			isa = PBXGroup;
			children = (
				3C3EA85F17D3C76F000122BD /* BepBopTests.h */,
				3C3EA86017D3C76F000122BD /* BepBopTests.m */,
				3C3EA85A17D3C76F000122BD /* Supporting Files */,
			);
			path = BepBopTests;
			sourceTree = "<group>";
		};
		3C3EA85A17D3C76F000122BD /* Supporting Files */ = {
			isa = PBXGroup;
			children = (
				3C3EA85B17D3C76F000122BD /* BepBopTests-Info.plist */,
				3C3EA85C17D3C76F000122BD /* InfoPlist.strings */,
			);
			name = "Supporting Files";
			sourceTree = "<group>";
		};
		3CBCDCDC17D3D23A000FC414 /* Products */ = {
			isa = PBXGroup;
			children = (
				3CBCDCE117D3D23A000FC414 /* libBepBopLibrary.a */,
				3CBCDCE317D3D23A000FC414 /* BepBopLibraryTests.octest */,
			);
			name = Products;
			sourceTree = "<group>";
		};
/* End PBXGroup section */

/* Begin PBXNativeTarget section */
		3C3EA83117D3C76F000122BD /* BepBop */ = {
			isa = PBXNativeTarget;
			buildConfigurationList = 3C3EA86417D3C76F000122BD /* Build configuration list for PBXNativeTarget "BepBop" */;
			buildPhases = (
				3C3EA82E17D3C76F000122BD /* Sources */,
				3C3EA82F17D3C76F000122BD /* Frameworks */,
				3C3EA83017D3C76F000122BD /* Resources */,
			);
			buildRules = (
			);
			dependencies = (
			);
			name = BepBop;
			productName = BepBop;
			productReference = 3C3EA83217D3C76F000122BD /* BepBop.app */;
			productType = "com.apple.product-type.application";
		};
		3C3EA85117D3C76F000122BD /* BepBopTests */ = {
			isa = PBXNativeTarget;
			buildConfigurationList = 3C3EA86717D3C76F000122BD /* Build configuration list for PBXNativeTarget "BepBopTests" */;
			buildPhases = (
				3C3EA84D17D3C76F000122BD /* Sources */,
				3C3EA84E17D3C76F000122BD /* Frameworks */,
				3C3EA84F17D3C76F000122BD /* Resources */,
				3C3EA85017D3C76F000122BD /* ShellScript */,
			);
			buildRules = (
			);
			dependencies = (
				3C3EA85817D3C76F000122BD /* PBXTargetDependency */,
			);
			name = BepBopTests;
			productName = BepBopTests;
			productReference = 3C3EA85217D3C76F000122BD /* BepBopTests.octest */;
			productType = "com.apple.product-type.bundle";
		};
/* End PBXNativeTarget section */

/* Begin PBXProject section */
		3C3EA82A17D3C76F000122BD /* Project object */ = {
			isa = PBXProject;
			attributes = {
				CLASSPREFIX = BEP;
				LastUpgradeCheck = 0460;
				ORGANIZATIONNAME = "Bleeding Edge Press";
				TargetAttributes = {
					3C3EA83117D3C76F000122BD = {
						DevelopmentTeam = MFRY9RPA96;
					};
				};
			};
			buildConfigurationList = 3C3EA82D17D3C76F000122BD /* Build configuration list for PBXProject "BepBop" */;
			compatibilityVersion = "Xcode 3.2";
			developmentRegion = English;
			hasScannedForEncodings = 0;
			knownRegions = (
				en,
			);
			mainGroup = 3C3EA82917D3C76F000122BD;
			productRefGroup = 3C3EA83317D3C76F000122BD /* Products */;
			projectDirPath = "";
			projectReferences = (
				{
					ProductGroup = 3CBCDCDC17D3D23A000FC414 /* Products */;
					ProjectRef = 3C3EA87917D3D032000122BD /* BepBopLibrary.xcodeproj */;
				},
			);
			projectRoot = "";
			targets = (
				3C3EA83117D3C76F000122BD /* BepBop */,
				3C3EA85117D3C76F000122BD /* BepBopTests */,
			);
		};
/* End PBXProject section */

/* Begin PBXReferenceProxy section */
		3CBCDCE117D3D23A000FC414 /* libBepBopLibrary.a */ = {
			isa = PBXReferenceProxy;
			fileType = archive.ar;
			path = libBepBopLibrary.a;
			remoteRef = 3CBCDCE017D3D23A000FC414 /* PBXContainerItemProxy */;
			sourceTree = BUILT_PRODUCTS_DIR;
		};
		3CBCDCE317D3D23A000FC414 /* BepBopLibraryTests.octest */ = {
			isa = PBXReferenceProxy;
			fileType = wrapper.cfbundle;
			path = BepBopLibraryTests.octest;
			remoteRef = 3CBCDCE217D3D23A000FC414 /* PBXContainerItemProxy */;
			sourceTree = BUILT_PRODUCTS_DIR;
		};
/* End PBXReferenceProxy section */

/* Begin PBXResourcesBuildPhase section */
		3C3EA83017D3C76F000122BD /* Resources */ = {
			isa = PBXResourcesBuildPhase;
			buildActionMask = 2147483647;
			files = (
				8727AA5617E0D9A500B728C8 /* BEPSimpleImageViewController.xib in Resources */,
				3C3EA84017D3C76F000122BD /* InfoPlist.strings in Resources */,
				0394ADA817DFFE5200769A12 /* BEPCaptureVideoViewController.xib in Resources */,
				3C3EA84817D3C76F000122BD /* Default.png in Resources */,
				3C3EA84A17D3C76F000122BD /* Default@2x.png in Resources */,
				03362E0417E14D3E003829C9 /* BEPMapViewController.xib in Resources */,
				3C3EA84C17D3C76F000122BD /* Default-568h@2x.png in Resources */,
				8727AA3E17E0BAC600B728C8 /* BEPMultipeerConnectivityViewController.xib in Resources */,
				3C3EA87A17D3D032000122BD /* BepBopLibrary.xcodeproj in Resources */,
			);
			runOnlyForDeploymentPostprocessing = 0;
		};
		3C3EA84F17D3C76F000122BD /* Resources */ = {
			isa = PBXResourcesBuildPhase;
			buildActionMask = 2147483647;
			files = (
				3C3EA85E17D3C76F000122BD /* InfoPlist.strings in Resources */,
			);
			runOnlyForDeploymentPostprocessing = 0;
		};
/* End PBXResourcesBuildPhase section */

/* Begin PBXShellScriptBuildPhase section */
		3C3EA85017D3C76F000122BD /* ShellScript */ = {
			isa = PBXShellScriptBuildPhase;
			buildActionMask = 2147483647;
			files = (
			);
			inputPaths = (
			);
			outputPaths = (
			);
			runOnlyForDeploymentPostprocessing = 0;
			shellPath = /bin/sh;
			shellScript = "# Run the unit tests in this test bundle.\n\"${SYSTEM_DEVELOPER_DIR}/Tools/RunUnitTests\"\n";
		};
/* End PBXShellScriptBuildPhase section */

/* Begin PBXSourcesBuildPhase section */
		3C3EA82E17D3C76F000122BD /* Sources */ = {
			isa = PBXSourcesBuildPhase;
			buildActionMask = 2147483647;
			files = (
				3CD0FD1417E00C67007CA40E /* BEPThemedViewController.m in Sources */,
				3C3EA84217D3C76F000122BD /* main.m in Sources */,
				8727AA5517E0D9A500B728C8 /* BEPSimpleImageViewController.m in Sources */,
				3C3EA84617D3C76F000122BD /* BEPAppDelegate.m in Sources */,
				8727AA3A17E0B96200B728C8 /* BEPMultipeerConnectivityViewController.m in Sources */,
				3C9DF0B517E0149C002F5FB9 /* BEPLookAndFeelViewController.m in Sources */,
				03175DED17DEB606005D3C62 /* BEPDynamicTypeViewController.m in Sources */,
				0394ADA717DFFE5200769A12 /* BEPCaptureVideoViewController.m in Sources */,
				03362E0317E14D3E003829C9 /* BEPMapViewController.m in Sources */,
				03175DE817DEB2A5005D3C62 /* BEPMainViewController.m in Sources */,
				3CD0FD1717E00CF4007CA40E /* BEPNavigationController.m in Sources */,
			);
			runOnlyForDeploymentPostprocessing = 0;
		};
		3C3EA84D17D3C76F000122BD /* Sources */ = {
			isa = PBXSourcesBuildPhase;
			buildActionMask = 2147483647;
			files = (
				3C3EA86117D3C76F000122BD /* BepBopTests.m in Sources */,
			);
			runOnlyForDeploymentPostprocessing = 0;
		};
/* End PBXSourcesBuildPhase section */

/* Begin PBXTargetDependency section */
		3C3EA85817D3C76F000122BD /* PBXTargetDependency */ = {
			isa = PBXTargetDependency;
			target = 3C3EA83117D3C76F000122BD /* BepBop */;
			targetProxy = 3C3EA85717D3C76F000122BD /* PBXContainerItemProxy */;
		};
/* End PBXTargetDependency section */

/* Begin PBXVariantGroup section */
		3C3EA83E17D3C76F000122BD /* InfoPlist.strings */ = {
			isa = PBXVariantGroup;
			children = (
				3C3EA83F17D3C76F000122BD /* en */,
			);
			name = InfoPlist.strings;
			sourceTree = "<group>";
		};
		3C3EA85C17D3C76F000122BD /* InfoPlist.strings */ = {
			isa = PBXVariantGroup;
			children = (
				3C3EA85D17D3C76F000122BD /* en */,
			);
			name = InfoPlist.strings;
			sourceTree = "<group>";
		};
/* End PBXVariantGroup section */

/* Begin XCBuildConfiguration section */
		3C3EA86217D3C76F000122BD /* Debug */ = {
			isa = XCBuildConfiguration;
			buildSettings = {
				ALWAYS_SEARCH_USER_PATHS = NO;
				CLANG_CXX_LANGUAGE_STANDARD = "gnu++0x";
				CLANG_CXX_LIBRARY = "libc++";
				CLANG_ENABLE_OBJC_ARC = YES;
				CLANG_WARN_CONSTANT_CONVERSION = YES;
				CLANG_WARN_EMPTY_BODY = YES;
				CLANG_WARN_ENUM_CONVERSION = YES;
				CLANG_WARN_INT_CONVERSION = YES;
				CLANG_WARN__DUPLICATE_METHOD_MATCH = YES;
				"CODE_SIGN_IDENTITY[sdk=iphoneos*]" = "iPhone Developer";
				COPY_PHASE_STRIP = NO;
				GCC_C_LANGUAGE_STANDARD = gnu99;
				GCC_DYNAMIC_NO_PIC = NO;
				GCC_OPTIMIZATION_LEVEL = 0;
				GCC_PREPROCESSOR_DEFINITIONS = (
					"DEBUG=1",
					"$(inherited)",
				);
				GCC_SYMBOLS_PRIVATE_EXTERN = NO;
				GCC_WARN_ABOUT_RETURN_TYPE = YES;
				GCC_WARN_UNINITIALIZED_AUTOS = YES;
				GCC_WARN_UNUSED_VARIABLE = YES;
				IPHONEOS_DEPLOYMENT_TARGET = 6.1;
				ONLY_ACTIVE_ARCH = YES;
				SDKROOT = iphoneos;
			};
			name = Debug;
		};
		3C3EA86317D3C76F000122BD /* Release */ = {
			isa = XCBuildConfiguration;
			buildSettings = {
				ALWAYS_SEARCH_USER_PATHS = NO;
				CLANG_CXX_LANGUAGE_STANDARD = "gnu++0x";
				CLANG_CXX_LIBRARY = "libc++";
				CLANG_ENABLE_OBJC_ARC = YES;
				CLANG_WARN_CONSTANT_CONVERSION = YES;
				CLANG_WARN_EMPTY_BODY = YES;
				CLANG_WARN_ENUM_CONVERSION = YES;
				CLANG_WARN_INT_CONVERSION = YES;
				CLANG_WARN__DUPLICATE_METHOD_MATCH = YES;
				"CODE_SIGN_IDENTITY[sdk=iphoneos*]" = "iPhone Developer";
				COPY_PHASE_STRIP = YES;
				GCC_C_LANGUAGE_STANDARD = gnu99;
				GCC_WARN_ABOUT_RETURN_TYPE = YES;
				GCC_WARN_UNINITIALIZED_AUTOS = YES;
				GCC_WARN_UNUSED_VARIABLE = YES;
				IPHONEOS_DEPLOYMENT_TARGET = 6.1;
				OTHER_CFLAGS = "-DNS_BLOCK_ASSERTIONS=1";
				SDKROOT = iphoneos;
				VALIDATE_PRODUCT = YES;
			};
			name = Release;
		};
		3C3EA86517D3C76F000122BD /* Debug */ = {
			isa = XCBuildConfiguration;
			buildSettings = {
				CODE_SIGN_IDENTITY = "iPhone Developer";
				"CODE_SIGN_IDENTITY[sdk=iphoneos*]" = "iPhone Developer";
				GCC_PRECOMPILE_PREFIX_HEADER = YES;
				GCC_PREFIX_HEADER = "BepBop/BepBop-Prefix.pch";
				HEADER_SEARCH_PATHS = "\"$(SRCROOT)/../BepBopLibrary/BepBopLibrary\"";
				INFOPLIST_FILE = "BepBop/BepBop-Info.plist";
				LIBRARY_SEARCH_PATHS = (
					"$(inherited)",
					"\"/Volumes/ramdisk/Builds/iOSEdge-cnemuugjxvelkvfjryweafmcrhhe/Build/Products/Debug-iphoneos\"",
				);
				OTHER_LDFLAGS = (
					"-ObjC",
					"-all_load",
				);
				PRODUCT_NAME = "$(TARGET_NAME)";
				PROVISIONING_PROFILE = "";
				WRAPPER_EXTENSION = app;
			};
			name = Debug;
		};
		3C3EA86617D3C76F000122BD /* Release */ = {
			isa = XCBuildConfiguration;
			buildSettings = {
				CODE_SIGN_IDENTITY = "iPhone Developer";
				"CODE_SIGN_IDENTITY[sdk=iphoneos*]" = "iPhone Developer";
				GCC_PRECOMPILE_PREFIX_HEADER = YES;
				GCC_PREFIX_HEADER = "BepBop/BepBop-Prefix.pch";
				HEADER_SEARCH_PATHS = "\"$(SRCROOT)/../BepBopLibrary/BepBopLibrary\"";
				INFOPLIST_FILE = "BepBop/BepBop-Info.plist";
				LIBRARY_SEARCH_PATHS = (
					"$(inherited)",
					"\"/Volumes/ramdisk/Builds/iOSEdge-cnemuugjxvelkvfjryweafmcrhhe/Build/Products/Debug-iphoneos\"",
				);
				OTHER_LDFLAGS = (
					"-ObjC",
					"-all_load",
				);
				PRODUCT_NAME = "$(TARGET_NAME)";
				PROVISIONING_PROFILE = "";
				WRAPPER_EXTENSION = app;
			};
			name = Release;
		};
		3C3EA86817D3C76F000122BD /* Debug */ = {
			isa = XCBuildConfiguration;
			buildSettings = {
				BUNDLE_LOADER = "$(BUILT_PRODUCTS_DIR)/BepBop.app/BepBop";
				FRAMEWORK_SEARCH_PATHS = (
					"\"$(SDKROOT)/Developer/Library/Frameworks\"",
					"\"$(DEVELOPER_LIBRARY_DIR)/Frameworks\"",
				);
				GCC_PRECOMPILE_PREFIX_HEADER = YES;
				GCC_PREFIX_HEADER = "BepBop/BepBop-Prefix.pch";
				INFOPLIST_FILE = "BepBopTests/BepBopTests-Info.plist";
				PRODUCT_NAME = "$(TARGET_NAME)";
				TEST_HOST = "$(BUNDLE_LOADER)";
				WRAPPER_EXTENSION = octest;
			};
			name = Debug;
		};
		3C3EA86917D3C76F000122BD /* Release */ = {
			isa = XCBuildConfiguration;
			buildSettings = {
				BUNDLE_LOADER = "$(BUILT_PRODUCTS_DIR)/BepBop.app/BepBop";
				FRAMEWORK_SEARCH_PATHS = (
					"\"$(SDKROOT)/Developer/Library/Frameworks\"",
					"\"$(DEVELOPER_LIBRARY_DIR)/Frameworks\"",
				);
				GCC_PRECOMPILE_PREFIX_HEADER = YES;
				GCC_PREFIX_HEADER = "BepBop/BepBop-Prefix.pch";
				INFOPLIST_FILE = "BepBopTests/BepBopTests-Info.plist";
				PRODUCT_NAME = "$(TARGET_NAME)";
				TEST_HOST = "$(BUNDLE_LOADER)";
				WRAPPER_EXTENSION = octest;
			};
			name = Release;
		};
/* End XCBuildConfiguration section */

/* Begin XCConfigurationList section */
		3C3EA82D17D3C76F000122BD /* Build configuration list for PBXProject "BepBop" */ = {
			isa = XCConfigurationList;
			buildConfigurations = (
				3C3EA86217D3C76F000122BD /* Debug */,
				3C3EA86317D3C76F000122BD /* Release */,
			);
			defaultConfigurationIsVisible = 0;
			defaultConfigurationName = Release;
		};
		3C3EA86417D3C76F000122BD /* Build configuration list for PBXNativeTarget "BepBop" */ = {
			isa = XCConfigurationList;
			buildConfigurations = (
				3C3EA86517D3C76F000122BD /* Debug */,
				3C3EA86617D3C76F000122BD /* Release */,
			);
			defaultConfigurationIsVisible = 0;
			defaultConfigurationName = Release;
		};
		3C3EA86717D3C76F000122BD /* Build configuration list for PBXNativeTarget "BepBopTests" */ = {
			isa = XCConfigurationList;
			buildConfigurations = (
				3C3EA86817D3C76F000122BD /* Debug */,
				3C3EA86917D3C76F000122BD /* Release */,
			);
			defaultConfigurationIsVisible = 0;
			defaultConfigurationName = Release;
		};
/* End XCConfigurationList section */
	};
	rootObject = 3C3EA82A17D3C76F000122BD /* Project object */;
}
