// !$*UTF8*$!
{
	archiveVersion = 1;
	classes = {
	};
	objectVersion = 46;
	objects = {

/* Begin PBXBuildFile section */
		175C201E17E15B90008D6F4E /* UIColor+Extensions.m in Sources */ = {isa = PBXBuildFile; fileRef = 175C201D17E15B90008D6F4E /* UIColor+Extensions.m */; };
		175C202217E15F9B008D6F4E /* BEPTintedLabel.m in Sources */ = {isa = PBXBuildFile; fileRef = 175C202117E15F9B008D6F4E /* BEPTintedLabel.m */; };
		175C202B17E1734E008D6F4E /* BEPTintedSwitch.m in Sources */ = {isa = PBXBuildFile; fileRef = 175C202A17E1734E008D6F4E /* BEPTintedSwitch.m */; };
		3C3EA80217D3C752000122BD /* Foundation.framework in Frameworks */ = {isa = PBXBuildFile; fileRef = 3C3EA80117D3C752000122BD /* Foundation.framework */; };
		3C3EA80717D3C752000122BD /* BepBopLibrary.h in CopyFiles */ = {isa = PBXBuildFile; fileRef = 3C3EA80617D3C752000122BD /* BepBopLibrary.h */; };
		3C3EA81117D3C752000122BD /* SenTestingKit.framework in Frameworks */ = {isa = PBXBuildFile; fileRef = 3C3EA81017D3C752000122BD /* SenTestingKit.framework */; };
		3C3EA81317D3C752000122BD /* UIKit.framework in Frameworks */ = {isa = PBXBuildFile; fileRef = 3C3EA81217D3C752000122BD /* UIKit.framework */; };
		3C3EA81417D3C752000122BD /* Foundation.framework in Frameworks */ = {isa = PBXBuildFile; fileRef = 3C3EA80117D3C752000122BD /* Foundation.framework */; };
		3C3EA81717D3C752000122BD /* libBepBopLibrary.a in Frameworks */ = {isa = PBXBuildFile; fileRef = 3C3EA7FE17D3C752000122BD /* libBepBopLibrary.a */; };
		3C3EA81D17D3C753000122BD /* InfoPlist.strings in Resources */ = {isa = PBXBuildFile; fileRef = 3C3EA81B17D3C753000122BD /* InfoPlist.strings */; };
		3C3EA82017D3C753000122BD /* BepBopLibraryTests.m in Sources */ = {isa = PBXBuildFile; fileRef = 3C3EA81F17D3C753000122BD /* BepBopLibraryTests.m */; };
		3C3EA87017D3CA4A000122BD /* UIView+Dimensions.m in Sources */ = {isa = PBXBuildFile; fileRef = 3C3EA86F17D3CA4A000122BD /* UIView+Dimensions.m */; };
		3C3EA87817D3CBC8000122BD /* UIView+Dimensions.h in CopyFiles */ = {isa = PBXBuildFile; fileRef = 3C3EA86E17D3CA4A000122BD /* UIView+Dimensions.h */; };
		8727AA4A17E0D76B00B728C8 /* UIActionSheet+Blocks.m in Sources */ = {isa = PBXBuildFile; fileRef = 8727AA4717E0D76B00B728C8 /* UIActionSheet+Blocks.m */; };
		8727AA4B17E0D76B00B728C8 /* UIAlertView+Blocks.m in Sources */ = {isa = PBXBuildFile; fileRef = 8727AA4917E0D76B00B728C8 /* UIAlertView+Blocks.m */; };
		8727AA4E17E0D78600B728C8 /* RIButtonItem.m in Sources */ = {isa = PBXBuildFile; fileRef = 8727AA4D17E0D78600B728C8 /* RIButtonItem.m */; };
		8727AA4F17E0D81900B728C8 /* RIButtonItem.h in CopyFiles */ = {isa = PBXBuildFile; fileRef = 8727AA4C17E0D78600B728C8 /* RIButtonItem.h */; };
		8727AA5017E0D81900B728C8 /* UIActionSheet+Blocks.h in CopyFiles */ = {isa = PBXBuildFile; fileRef = 8727AA4617E0D76B00B728C8 /* UIActionSheet+Blocks.h */; };
		8727AA5117E0D81900B728C8 /* UIAlertView+Blocks.h in CopyFiles */ = {isa = PBXBuildFile; fileRef = 8727AA4817E0D76B00B728C8 /* UIAlertView+Blocks.h */; };
		87A5211117E3381C0060D931 /* BEPArrayTableDataSource.m in Sources */ = {isa = PBXBuildFile; fileRef = 87A5211017E3381C0060D931 /* BEPArrayTableDataSource.m */; };
/* End PBXBuildFile section */

/* Begin PBXContainerItemProxy section */
		3C3EA81517D3C752000122BD /* PBXContainerItemProxy */ = {
			isa = PBXContainerItemProxy;
			containerPortal = 3C3EA7F617D3C752000122BD /* Project object */;
			proxyType = 1;
			remoteGlobalIDString = 3C3EA7FD17D3C752000122BD;
			remoteInfo = BepBopLibrary;
		};
/* End PBXContainerItemProxy section */

/* Begin PBXCopyFilesBuildPhase section */
		3C3EA7FC17D3C752000122BD /* CopyFiles */ = {
			isa = PBXCopyFilesBuildPhase;
			buildActionMask = 2147483647;
			dstPath = "include/${PRODUCT_NAME}";
			dstSubfolderSpec = 16;
			files = (
				3C3EA87817D3CBC8000122BD /* UIView+Dimensions.h in CopyFiles */,
				3C3EA80717D3C752000122BD /* BepBopLibrary.h in CopyFiles */,
				8727AA4F17E0D81900B728C8 /* RIButtonItem.h in CopyFiles */,
				8727AA5017E0D81900B728C8 /* UIActionSheet+Blocks.h in CopyFiles */,
				8727AA5117E0D81900B728C8 /* UIAlertView+Blocks.h in CopyFiles */,
			);
			runOnlyForDeploymentPostprocessing = 0;
		};
/* End PBXCopyFilesBuildPhase section */

/* Begin PBXFileReference section */
		175C201C17E15B90008D6F4E /* UIColor+Extensions.h */ = {isa = PBXFileReference; fileEncoding = 4; lastKnownFileType = sourcecode.c.h; path = "UIColor+Extensions.h"; sourceTree = "<group>"; };
		175C201D17E15B90008D6F4E /* UIColor+Extensions.m */ = {isa = PBXFileReference; fileEncoding = 4; lastKnownFileType = sourcecode.c.objc; path = "UIColor+Extensions.m"; sourceTree = "<group>"; };
		175C202017E15F9B008D6F4E /* BEPTintedLabel.h */ = {isa = PBXFileReference; fileEncoding = 4; lastKnownFileType = sourcecode.c.h; path = BEPTintedLabel.h; sourceTree = "<group>"; };
		175C202117E15F9B008D6F4E /* BEPTintedLabel.m */ = {isa = PBXFileReference; fileEncoding = 4; lastKnownFileType = sourcecode.c.objc; path = BEPTintedLabel.m; sourceTree = "<group>"; };
		175C202917E1734E008D6F4E /* BEPTintedSwitch.h */ = {isa = PBXFileReference; fileEncoding = 4; lastKnownFileType = sourcecode.c.h; path = BEPTintedSwitch.h; sourceTree = "<group>"; };
		175C202A17E1734E008D6F4E /* BEPTintedSwitch.m */ = {isa = PBXFileReference; fileEncoding = 4; lastKnownFileType = sourcecode.c.objc; path = BEPTintedSwitch.m; sourceTree = "<group>"; };
		3C3EA7FE17D3C752000122BD /* libBepBopLibrary.a */ = {isa = PBXFileReference; explicitFileType = archive.ar; includeInIndex = 0; path = libBepBopLibrary.a; sourceTree = BUILT_PRODUCTS_DIR; };
		3C3EA80117D3C752000122BD /* Foundation.framework */ = {isa = PBXFileReference; lastKnownFileType = wrapper.framework; name = Foundation.framework; path = System/Library/Frameworks/Foundation.framework; sourceTree = SDKROOT; };
		3C3EA80517D3C752000122BD /* BepBopLibrary-Prefix.pch */ = {isa = PBXFileReference; lastKnownFileType = sourcecode.c.h; path = "BepBopLibrary-Prefix.pch"; sourceTree = "<group>"; };
		3C3EA80617D3C752000122BD /* BepBopLibrary.h */ = {isa = PBXFileReference; lastKnownFileType = sourcecode.c.h; path = BepBopLibrary.h; sourceTree = "<group>"; };
		3C3EA80F17D3C752000122BD /* BepBopLibraryTests.octest */ = {isa = PBXFileReference; explicitFileType = wrapper.cfbundle; includeInIndex = 0; path = BepBopLibraryTests.octest; sourceTree = BUILT_PRODUCTS_DIR; };
		3C3EA81017D3C752000122BD /* SenTestingKit.framework */ = {isa = PBXFileReference; lastKnownFileType = wrapper.framework; name = SenTestingKit.framework; path = Library/Frameworks/SenTestingKit.framework; sourceTree = DEVELOPER_DIR; };
		3C3EA81217D3C752000122BD /* UIKit.framework */ = {isa = PBXFileReference; lastKnownFileType = wrapper.framework; name = UIKit.framework; path = Library/Frameworks/UIKit.framework; sourceTree = DEVELOPER_DIR; };
		3C3EA81A17D3C753000122BD /* BepBopLibraryTests-Info.plist */ = {isa = PBXFileReference; lastKnownFileType = text.plist.xml; path = "BepBopLibraryTests-Info.plist"; sourceTree = "<group>"; };
		3C3EA81C17D3C753000122BD /* en */ = {isa = PBXFileReference; lastKnownFileType = text.plist.strings; name = en; path = en.lproj/InfoPlist.strings; sourceTree = "<group>"; };
		3C3EA81E17D3C753000122BD /* BepBopLibraryTests.h */ = {isa = PBXFileReference; lastKnownFileType = sourcecode.c.h; path = BepBopLibraryTests.h; sourceTree = "<group>"; };
		3C3EA81F17D3C753000122BD /* BepBopLibraryTests.m */ = {isa = PBXFileReference; lastKnownFileType = sourcecode.c.objc; path = BepBopLibraryTests.m; sourceTree = "<group>"; };
		3C3EA86E17D3CA4A000122BD /* UIView+Dimensions.h */ = {isa = PBXFileReference; fileEncoding = 4; lastKnownFileType = sourcecode.c.h; path = "UIView+Dimensions.h"; sourceTree = "<group>"; };
		3C3EA86F17D3CA4A000122BD /* UIView+Dimensions.m */ = {isa = PBXFileReference; fileEncoding = 4; lastKnownFileType = sourcecode.c.objc; path = "UIView+Dimensions.m"; sourceTree = "<group>"; };
		8727AA4617E0D76B00B728C8 /* UIActionSheet+Blocks.h */ = {isa = PBXFileReference; fileEncoding = 4; lastKnownFileType = sourcecode.c.h; path = "UIActionSheet+Blocks.h"; sourceTree = "<group>"; };
		8727AA4717E0D76B00B728C8 /* UIActionSheet+Blocks.m */ = {isa = PBXFileReference; fileEncoding = 4; lastKnownFileType = sourcecode.c.objc; path = "UIActionSheet+Blocks.m"; sourceTree = "<group>"; };
		8727AA4817E0D76B00B728C8 /* UIAlertView+Blocks.h */ = {isa = PBXFileReference; fileEncoding = 4; lastKnownFileType = sourcecode.c.h; path = "UIAlertView+Blocks.h"; sourceTree = "<group>"; };
		8727AA4917E0D76B00B728C8 /* UIAlertView+Blocks.m */ = {isa = PBXFileReference; fileEncoding = 4; lastKnownFileType = sourcecode.c.objc; path = "UIAlertView+Blocks.m"; sourceTree = "<group>"; };
		8727AA4C17E0D78600B728C8 /* RIButtonItem.h */ = {isa = PBXFileReference; fileEncoding = 4; lastKnownFileType = sourcecode.c.h; path = RIButtonItem.h; sourceTree = "<group>"; };
		8727AA4D17E0D78600B728C8 /* RIButtonItem.m */ = {isa = PBXFileReference; fileEncoding = 4; lastKnownFileType = sourcecode.c.objc; path = RIButtonItem.m; sourceTree = "<group>"; };
		87A5210F17E3381C0060D931 /* BEPArrayTableDataSource.h */ = {isa = PBXFileReference; fileEncoding = 4; lastKnownFileType = sourcecode.c.h; path = BEPArrayTableDataSource.h; sourceTree = "<group>"; };
		87A5211017E3381C0060D931 /* BEPArrayTableDataSource.m */ = {isa = PBXFileReference; fileEncoding = 4; lastKnownFileType = sourcecode.c.objc; path = BEPArrayTableDataSource.m; sourceTree = "<group>"; };
/* End PBXFileReference section */

/* Begin PBXFrameworksBuildPhase section */
		3C3EA7FB17D3C752000122BD /* Frameworks */ = {
			isa = PBXFrameworksBuildPhase;
			buildActionMask = 2147483647;
			files = (
				3C3EA80217D3C752000122BD /* Foundation.framework in Frameworks */,
			);
			runOnlyForDeploymentPostprocessing = 0;
		};
		3C3EA80B17D3C752000122BD /* Frameworks */ = {
			isa = PBXFrameworksBuildPhase;
			buildActionMask = 2147483647;
			files = (
				3C3EA81117D3C752000122BD /* SenTestingKit.framework in Frameworks */,
				3C3EA81317D3C752000122BD /* UIKit.framework in Frameworks */,
				3C3EA81417D3C752000122BD /* Foundation.framework in Frameworks */,
				3C3EA81717D3C752000122BD /* libBepBopLibrary.a in Frameworks */,
			);
			runOnlyForDeploymentPostprocessing = 0;
		};
/* End PBXFrameworksBuildPhase section */

/* Begin PBXGroup section */
		3C3EA7F517D3C752000122BD = {
			isa = PBXGroup;
			children = (
				3C3EA80317D3C752000122BD /* BepBopLibrary */,
				3C3EA81817D3C752000122BD /* BepBopLibraryTests */,
				3C3EA80017D3C752000122BD /* Frameworks */,
				3C3EA7FF17D3C752000122BD /* Products */,
			);
			sourceTree = "<group>";
		};
		3C3EA7FF17D3C752000122BD /* Products */ = {
			isa = PBXGroup;
			children = (
				3C3EA7FE17D3C752000122BD /* libBepBopLibrary.a */,
				3C3EA80F17D3C752000122BD /* BepBopLibraryTests.octest */,
			);
			name = Products;
			sourceTree = "<group>";
		};
		3C3EA80017D3C752000122BD /* Frameworks */ = {
			isa = PBXGroup;
			children = (
				3C3EA80117D3C752000122BD /* Foundation.framework */,
				3C3EA81017D3C752000122BD /* SenTestingKit.framework */,
				3C3EA81217D3C752000122BD /* UIKit.framework */,
			);
			name = Frameworks;
			sourceTree = "<group>";
		};
		3C3EA80317D3C752000122BD /* BepBopLibrary */ = {
			isa = PBXGroup;
			children = (
				3C3EA80617D3C752000122BD /* BepBopLibrary.h */,
				3C3EA87317D3CA6E000122BD /* Model */,
				3C3EA87217D3CA68000122BD /* API */,
				3C3EA87117D3CA59000122BD /* CustomViews */,
				3C3EA86D17D3CA29000122BD /* Categories */,
				3C3EA80417D3C752000122BD /* Supporting Files */,
			);
			path = BepBopLibrary;
			sourceTree = "<group>";
		};
		3C3EA80417D3C752000122BD /* Supporting Files */ = {
			isa = PBXGroup;
			children = (
				3C3EA80517D3C752000122BD /* BepBopLibrary-Prefix.pch */,
			);
			name = "Supporting Files";
			sourceTree = "<group>";
		};
		3C3EA81817D3C752000122BD /* BepBopLibraryTests */ = {
			isa = PBXGroup;
			children = (
				3C3EA81E17D3C753000122BD /* BepBopLibraryTests.h */,
				3C3EA81F17D3C753000122BD /* BepBopLibraryTests.m */,
				3C3EA81917D3C753000122BD /* Supporting Files */,
			);
			path = BepBopLibraryTests;
			sourceTree = "<group>";
		};
		3C3EA81917D3C753000122BD /* Supporting Files */ = {
			isa = PBXGroup;
			children = (
				3C3EA81A17D3C753000122BD /* BepBopLibraryTests-Info.plist */,
				3C3EA81B17D3C753000122BD /* InfoPlist.strings */,
			);
			name = "Supporting Files";
			sourceTree = "<group>";
		};
		3C3EA86D17D3CA29000122BD /* Categories */ = {
			isa = PBXGroup;
			children = (
				8727AA4617E0D76B00B728C8 /* UIActionSheet+Blocks.h */,
				8727AA4717E0D76B00B728C8 /* UIActionSheet+Blocks.m */,
				8727AA4817E0D76B00B728C8 /* UIAlertView+Blocks.h */,
				8727AA4917E0D76B00B728C8 /* UIAlertView+Blocks.m */,
				3C3EA86E17D3CA4A000122BD /* UIView+Dimensions.h */,
				3C3EA86F17D3CA4A000122BD /* UIView+Dimensions.m */,
				175C201C17E15B90008D6F4E /* UIColor+Extensions.h */,
				175C201D17E15B90008D6F4E /* UIColor+Extensions.m */,
			);
			name = Categories;
			sourceTree = "<group>";
		};
		3C3EA87117D3CA59000122BD /* CustomViews */ = {
			isa = PBXGroup;
			children = (
				8727AA4C17E0D78600B728C8 /* RIButtonItem.h */,
				8727AA4D17E0D78600B728C8 /* RIButtonItem.m */,
				175C202017E15F9B008D6F4E /* BEPTintedLabel.h */,
				175C202117E15F9B008D6F4E /* BEPTintedLabel.m */,
				175C202917E1734E008D6F4E /* BEPTintedSwitch.h */,
				175C202A17E1734E008D6F4E /* BEPTintedSwitch.m */,
			);
			name = CustomViews;
			sourceTree = "<group>";
		};
		3C3EA87217D3CA68000122BD /* API */ = {
			isa = PBXGroup;
			children = (
			);
			name = API;
			sourceTree = "<group>";
		};
		3C3EA87317D3CA6E000122BD /* Model */ = {
			isa = PBXGroup;
			children = (
				87A5210F17E3381C0060D931 /* BEPArrayTableDataSource.h */,
				87A5211017E3381C0060D931 /* BEPArrayTableDataSource.m */,
			);
			name = Model;
			sourceTree = "<group>";
		};
/* End PBXGroup section */

/* Begin PBXNativeTarget section */
		3C3EA7FD17D3C752000122BD /* BepBopLibrary */ = {
			isa = PBXNativeTarget;
			buildConfigurationList = 3C3EA82317D3C753000122BD /* Build configuration list for PBXNativeTarget "BepBopLibrary" */;
			buildPhases = (
				3C3EA7FA17D3C752000122BD /* Sources */,
				3C3EA7FB17D3C752000122BD /* Frameworks */,
				3C3EA7FC17D3C752000122BD /* CopyFiles */,
			);
			buildRules = (
			);
			dependencies = (
			);
			name = BepBopLibrary;
			productName = BepBopLibrary;
			productReference = 3C3EA7FE17D3C752000122BD /* libBepBopLibrary.a */;
			productType = "com.apple.product-type.library.static";
		};
		3C3EA80E17D3C752000122BD /* BepBopLibraryTests */ = {
			isa = PBXNativeTarget;
			buildConfigurationList = 3C3EA82617D3C753000122BD /* Build configuration list for PBXNativeTarget "BepBopLibraryTests" */;
			buildPhases = (
				3C3EA80A17D3C752000122BD /* Sources */,
				3C3EA80B17D3C752000122BD /* Frameworks */,
				3C3EA80C17D3C752000122BD /* Resources */,
				3C3EA80D17D3C752000122BD /* ShellScript */,
			);
			buildRules = (
			);
			dependencies = (
				3C3EA81617D3C752000122BD /* PBXTargetDependency */,
			);
			name = BepBopLibraryTests;
			productName = BepBopLibraryTests;
			productReference = 3C3EA80F17D3C752000122BD /* BepBopLibraryTests.octest */;
			productType = "com.apple.product-type.bundle";
		};
/* End PBXNativeTarget section */

/* Begin PBXProject section */
		3C3EA7F617D3C752000122BD /* Project object */ = {
			isa = PBXProject;
			attributes = {
				LastUpgradeCheck = 0460;
				ORGANIZATIONNAME = "Bleeding Edge Press";
			};
			buildConfigurationList = 3C3EA7F917D3C752000122BD /* Build configuration list for PBXProject "BepBopLibrary" */;
			compatibilityVersion = "Xcode 3.2";
			developmentRegion = English;
			hasScannedForEncodings = 0;
			knownRegions = (
				en,
			);
			mainGroup = 3C3EA7F517D3C752000122BD;
			productRefGroup = 3C3EA7FF17D3C752000122BD /* Products */;
			projectDirPath = "";
			projectRoot = "";
			targets = (
				3C3EA7FD17D3C752000122BD /* BepBopLibrary */,
				3C3EA80E17D3C752000122BD /* BepBopLibraryTests */,
			);
		};
/* End PBXProject section */

/* Begin PBXResourcesBuildPhase section */
		3C3EA80C17D3C752000122BD /* Resources */ = {
			isa = PBXResourcesBuildPhase;
			buildActionMask = 2147483647;
			files = (
				3C3EA81D17D3C753000122BD /* InfoPlist.strings in Resources */,
			);
			runOnlyForDeploymentPostprocessing = 0;
		};
/* End PBXResourcesBuildPhase section */

/* Begin PBXShellScriptBuildPhase section */
		3C3EA80D17D3C752000122BD /* ShellScript */ = {
			isa = PBXShellScriptBuildPhase;
			buildActionMask = 2147483647;
			files = (
			);
			inputPaths = (
			);
			outputPaths = (
			);
			runOnlyForDeploymentPostprocessing = 0;
			shellPath = /bin/sh;
			shellScript = "# Run the unit tests in this test bundle.\n\"${SYSTEM_DEVELOPER_DIR}/Tools/RunUnitTests\"\n";
		};
/* End PBXShellScriptBuildPhase section */

/* Begin PBXSourcesBuildPhase section */
		3C3EA7FA17D3C752000122BD /* Sources */ = {
			isa = PBXSourcesBuildPhase;
			buildActionMask = 2147483647;
			files = (
				8727AA4B17E0D76B00B728C8 /* UIAlertView+Blocks.m in Sources */,
				175C202B17E1734E008D6F4E /* BEPTintedSwitch.m in Sources */,
				3C3EA87017D3CA4A000122BD /* UIView+Dimensions.m in Sources */,
				175C202217E15F9B008D6F4E /* BEPTintedLabel.m in Sources */,
				8727AA4A17E0D76B00B728C8 /* UIActionSheet+Blocks.m in Sources */,
				87A5211117E3381C0060D931 /* BEPArrayTableDataSource.m in Sources */,
				8727AA4E17E0D78600B728C8 /* RIButtonItem.m in Sources */,
				175C201E17E15B90008D6F4E /* UIColor+Extensions.m in Sources */,
			);
			runOnlyForDeploymentPostprocessing = 0;
		};
		3C3EA80A17D3C752000122BD /* Sources */ = {
			isa = PBXSourcesBuildPhase;
			buildActionMask = 2147483647;
			files = (
				3C3EA82017D3C753000122BD /* BepBopLibraryTests.m in Sources */,
			);
			runOnlyForDeploymentPostprocessing = 0;
		};
/* End PBXSourcesBuildPhase section */

/* Begin PBXTargetDependency section */
		3C3EA81617D3C752000122BD /* PBXTargetDependency */ = {
			isa = PBXTargetDependency;
			target = 3C3EA7FD17D3C752000122BD /* BepBopLibrary */;
			targetProxy = 3C3EA81517D3C752000122BD /* PBXContainerItemProxy */;
		};
/* End PBXTargetDependency section */

/* Begin PBXVariantGroup section */
		3C3EA81B17D3C753000122BD /* InfoPlist.strings */ = {
			isa = PBXVariantGroup;
			children = (
				3C3EA81C17D3C753000122BD /* en */,
			);
			name = InfoPlist.strings;
			sourceTree = "<group>";
		};
/* End PBXVariantGroup section */

/* Begin XCBuildConfiguration section */
		3C3EA82117D3C753000122BD /* Debug */ = {
			isa = XCBuildConfiguration;
			buildSettings = {
				ALWAYS_SEARCH_USER_PATHS = NO;
				CLANG_CXX_LANGUAGE_STANDARD = "gnu++0x";
				CLANG_CXX_LIBRARY = "libc++";
				CLANG_ENABLE_OBJC_ARC = YES;
				CLANG_WARN_CONSTANT_CONVERSION = YES;
				CLANG_WARN_EMPTY_BODY = YES;
				CLANG_WARN_ENUM_CONVERSION = YES;
				CLANG_WARN_INT_CONVERSION = YES;
				CLANG_WARN__DUPLICATE_METHOD_MATCH = YES;
				COPY_PHASE_STRIP = NO;
				GCC_C_LANGUAGE_STANDARD = gnu99;
				GCC_DYNAMIC_NO_PIC = NO;
				GCC_OPTIMIZATION_LEVEL = 0;
				GCC_PREPROCESSOR_DEFINITIONS = (
					"DEBUG=1",
					"$(inherited)",
				);
				GCC_SYMBOLS_PRIVATE_EXTERN = NO;
				GCC_WARN_ABOUT_RETURN_TYPE = YES;
				GCC_WARN_UNINITIALIZED_AUTOS = YES;
				GCC_WARN_UNUSED_VARIABLE = YES;
				IPHONEOS_DEPLOYMENT_TARGET = 6.1;
				ONLY_ACTIVE_ARCH = YES;
				SDKROOT = iphoneos;
			};
			name = Debug;
		};
		3C3EA82217D3C753000122BD /* Release */ = {
			isa = XCBuildConfiguration;
			buildSettings = {
				ALWAYS_SEARCH_USER_PATHS = NO;
				CLANG_CXX_LANGUAGE_STANDARD = "gnu++0x";
				CLANG_CXX_LIBRARY = "libc++";
				CLANG_ENABLE_OBJC_ARC = YES;
				CLANG_WARN_CONSTANT_CONVERSION = YES;
				CLANG_WARN_EMPTY_BODY = YES;
				CLANG_WARN_ENUM_CONVERSION = YES;
				CLANG_WARN_INT_CONVERSION = YES;
				CLANG_WARN__DUPLICATE_METHOD_MATCH = YES;
				COPY_PHASE_STRIP = YES;
				GCC_C_LANGUAGE_STANDARD = gnu99;
				GCC_WARN_ABOUT_RETURN_TYPE = YES;
				GCC_WARN_UNINITIALIZED_AUTOS = YES;
				GCC_WARN_UNUSED_VARIABLE = YES;
				IPHONEOS_DEPLOYMENT_TARGET = 6.1;
				SDKROOT = iphoneos;
				VALIDATE_PRODUCT = YES;
			};
			name = Release;
		};
		3C3EA82417D3C753000122BD /* Debug */ = {
			isa = XCBuildConfiguration;
			buildSettings = {
				DSTROOT = /tmp/BepBopLibrary.dst;
				GCC_PRECOMPILE_PREFIX_HEADER = YES;
				GCC_PREFIX_HEADER = "BepBopLibrary/BepBopLibrary-Prefix.pch";
				OTHER_LDFLAGS = "-ObjC";
				PRODUCT_NAME = "$(TARGET_NAME)";
				PROVISIONING_PROFILE = "DAF48DE4-E413-457C-9622-58658B8CEFF8";
				SKIP_INSTALL = YES;
			};
			name = Debug;
		};
		3C3EA82517D3C753000122BD /* Release */ = {
			isa = XCBuildConfiguration;
			buildSettings = {
				DSTROOT = /tmp/BepBopLibrary.dst;
				GCC_PRECOMPILE_PREFIX_HEADER = YES;
				GCC_PREFIX_HEADER = "BepBopLibrary/BepBopLibrary-Prefix.pch";
				OTHER_LDFLAGS = "-ObjC";
				PRODUCT_NAME = "$(TARGET_NAME)";
				PROVISIONING_PROFILE = "DAF48DE4-E413-457C-9622-58658B8CEFF8";
				SKIP_INSTALL = YES;
			};
			name = Release;
		};
		3C3EA82717D3C753000122BD /* Debug */ = {
			isa = XCBuildConfiguration;
			buildSettings = {
				FRAMEWORK_SEARCH_PATHS = (
					"\"$(SDKROOT)/Developer/Library/Frameworks\"",
					"\"$(DEVELOPER_LIBRARY_DIR)/Frameworks\"",
				);
				GCC_PRECOMPILE_PREFIX_HEADER = YES;
				GCC_PREFIX_HEADER = "BepBopLibrary/BepBopLibrary-Prefix.pch";
				INFOPLIST_FILE = "BepBopLibraryTests/BepBopLibraryTests-Info.plist";
				PRODUCT_NAME = "$(TARGET_NAME)";
				WRAPPER_EXTENSION = octest;
			};
			name = Debug;
		};
		3C3EA82817D3C753000122BD /* Release */ = {
			isa = XCBuildConfiguration;
			buildSettings = {
				FRAMEWORK_SEARCH_PATHS = (
					"\"$(SDKROOT)/Developer/Library/Frameworks\"",
					"\"$(DEVELOPER_LIBRARY_DIR)/Frameworks\"",
				);
				GCC_PRECOMPILE_PREFIX_HEADER = YES;
				GCC_PREFIX_HEADER = "BepBopLibrary/BepBopLibrary-Prefix.pch";
				INFOPLIST_FILE = "BepBopLibraryTests/BepBopLibraryTests-Info.plist";
				PRODUCT_NAME = "$(TARGET_NAME)";
				WRAPPER_EXTENSION = octest;
			};
			name = Release;
		};
/* End XCBuildConfiguration section */

/* Begin XCConfigurationList section */
		3C3EA7F917D3C752000122BD /* Build configuration list for PBXProject "BepBopLibrary" */ = {
			isa = XCConfigurationList;
			buildConfigurations = (
				3C3EA82117D3C753000122BD /* Debug */,
				3C3EA82217D3C753000122BD /* Release */,
			);
			defaultConfigurationIsVisible = 0;
			defaultConfigurationName = Release;
		};
		3C3EA82317D3C753000122BD /* Build configuration list for PBXNativeTarget "BepBopLibrary" */ = {
			isa = XCConfigurationList;
			buildConfigurations = (
				3C3EA82417D3C753000122BD /* Debug */,
				3C3EA82517D3C753000122BD /* Release */,
			);
			defaultConfigurationIsVisible = 0;
			defaultConfigurationName = Release;
		};
		3C3EA82617D3C753000122BD /* Build configuration list for PBXNativeTarget "BepBopLibraryTests" */ = {
			isa = XCConfigurationList;
			buildConfigurations = (
				3C3EA82717D3C753000122BD /* Debug */,
				3C3EA82817D3C753000122BD /* Release */,
			);
			defaultConfigurationIsVisible = 0;
			defaultConfigurationName = Release;
		};
/* End XCConfigurationList section */
	};
	rootObject = 3C3EA7F617D3C752000122BD /* Project object */;
}
